
Microsoft Visual Studio Solution File, Format Version 12.00
# Visual Studio Version 17
VisualStudioVersion = 17.0.31521.260
MinimumVisualStudioVersion = 10.0.40219.1
Project("{FAE04EC0-301F-11D3-BF4B-00C04F79EFBC}") = "ATBMTT_B1_Ceasar", "ATBMTT_B1_Ceasar\ATBMTT_B1_Ceasar.csproj", "{3C0B2B4A-C216-4E3E-AC36-B2DEB2D4B9B3}"
EndProject
Project("{FAE04EC0-301F-11D3-BF4B-00C04F79EFBC}") = "CeasarApp", "CeasarApp\CeasarApp.csproj", "{1DC04B4B-3147-4734-8204-702BA251B815}"
EndProject
Global
	GlobalSection(SolutionConfigurationPlatforms) = preSolution
		Debug|Any CPU = Debug|Any CPU
		Release|Any CPU = Release|Any CPU
	EndGlobalSection
	GlobalSection(ProjectConfigurationPlatforms) = postSolution
		{3C0B2B4A-C216-4E3E-AC36-B2DEB2D4B9B3}.Debug|Any CPU.ActiveCfg = Debug|Any CPU
		{3C0B2B4A-C216-4E3E-AC36-B2DEB2D4B9B3}.Debug|Any CPU.Build.0 = Debug|Any CPU
		{3C0B2B4A-C216-4E3E-AC36-B2DEB2D4B9B3}.Release|Any CPU.ActiveCfg = Release|Any CPU
		{3C0B2B4A-C216-4E3E-AC36-B2DEB2D4B9B3}.Release|Any CPU.Build.0 = Release|Any CPU
		{1DC04B4B-3147-4734-8204-702BA251B815}.Debug|Any CPU.ActiveCfg = Debug|Any CPU
		{1DC04B4B-3147-4734-8204-702BA251B815}.Debug|Any CPU.Build.0 = Debug|Any CPU
		{1DC04B4B-3147-4734-8204-702BA251B815}.Release|Any CPU.ActiveCfg = Release|Any CPU
		{1DC04B4B-3147-4734-8204-702BA251B815}.Release|Any CPU.Build.0 = Release|Any CPU
	EndGlobalSection
	GlobalSection(SolutionProperties) = preSolution
		HideSolutionNode = FALSE
	EndGlobalSection
	GlobalSection(ExtensibilityGlobals) = postSolution
		SolutionGuid = {17558711-DDF3-4565-BBB8-757092ABA328}
	EndGlobalSection
EndGlobal
